// !$*UTF8*$!
{
	archiveVersion = 1;
	classes = {
	};
	objectVersion = 51;
	objects = {

/* Begin PBXBuildFile section */
		1F39B54E22E5A6B000BFACC6 /* AppDelegate.swift in Sources */ = {isa = PBXBuildFile; fileRef = 1F39B54D22E5A6B000BFACC6 /* AppDelegate.swift */; };
		1F39B55022E5A6B000BFACC6 /* ViewController.swift in Sources */ = {isa = PBXBuildFile; fileRef = 1F39B54F22E5A6B000BFACC6 /* ViewController.swift */; };
		1F39B55322E5A6B000BFACC6 /* Main.storyboard in Resources */ = {isa = PBXBuildFile; fileRef = 1F39B55122E5A6B000BFACC6 /* Main.storyboard */; };
		1F39B55522E5A6B300BFACC6 /* Assets.xcassets in Resources */ = {isa = PBXBuildFile; fileRef = 1F39B55422E5A6B300BFACC6 /* Assets.xcassets */; };
		1F39B55822E5A6B300BFACC6 /* LaunchScreen.storyboard in Resources */ = {isa = PBXBuildFile; fileRef = 1F39B55622E5A6B300BFACC6 /* LaunchScreen.storyboard */; };
		8F38210A4F3CA3C373F84A0B /* Pods_PodSDK.framework in Frameworks */ = {isa = PBXBuildFile; fileRef = 8694F5DD27BB330C4D7837DB /* Pods_PodSDK.framework */; };
/* End PBXBuildFile section */

/* Begin PBXFileReference section */
		1F39B54A22E5A6B000BFACC6 /* PodSDK.app */ = {isa = PBXFileReference; explicitFileType = wrapper.application; includeInIndex = 0; path = PodSDK.app; sourceTree = BUILT_PRODUCTS_DIR; };
		1F39B54D22E5A6B000BFACC6 /* AppDelegate.swift */ = {isa = PBXFileReference; lastKnownFileType = sourcecode.swift; path = AppDelegate.swift; sourceTree = "<group>"; };
		1F39B54F22E5A6B000BFACC6 /* ViewController.swift */ = {isa = PBXFileReference; lastKnownFileType = sourcecode.swift; path = ViewController.swift; sourceTree = "<group>"; };
		1F39B55222E5A6B000BFACC6 /* Base */ = {isa = PBXFileReference; lastKnownFileType = file.storyboard; name = Base; path = Base.lproj/Main.storyboard; sourceTree = "<group>"; };
		1F39B55422E5A6B300BFACC6 /* Assets.xcassets */ = {isa = PBXFileReference; lastKnownFileType = folder.assetcatalog; path = Assets.xcassets; sourceTree = "<group>"; };
		1F39B55722E5A6B300BFACC6 /* Base */ = {isa = PBXFileReference; lastKnownFileType = file.storyboard; name = Base; path = Base.lproj/LaunchScreen.storyboard; sourceTree = "<group>"; };
		1F39B55922E5A6B400BFACC6 /* Info.plist */ = {isa = PBXFileReference; lastKnownFileType = text.plist.xml; path = Info.plist; sourceTree = "<group>"; };
		1F39B5A022E5E73000BFACC6 /* PodSDK.entitlements */ = {isa = PBXFileReference; lastKnownFileType = text.plist.entitlements; path = PodSDK.entitlements; sourceTree = "<group>"; };
		8694F5DD27BB330C4D7837DB /* Pods_PodSDK.framework */ = {isa = PBXFileReference; explicitFileType = wrapper.framework; includeInIndex = 0; path = Pods_PodSDK.framework; sourceTree = BUILT_PRODUCTS_DIR; };
		CFB6C7A7DB3B03938EA75258 /* Pods-PodSDK.debug.xcconfig */ = {isa = PBXFileReference; includeInIndex = 1; lastKnownFileType = text.xcconfig; name = "Pods-PodSDK.debug.xcconfig"; path = "Pods/Target Support Files/Pods-PodSDK/Pods-PodSDK.debug.xcconfig"; sourceTree = "<group>"; };
		F1DD1BC0B974011CBFB48CB4 /* Pods-PodSDK.release.xcconfig */ = {isa = PBXFileReference; includeInIndex = 1; lastKnownFileType = text.xcconfig; name = "Pods-PodSDK.release.xcconfig"; path = "Pods/Target Support Files/Pods-PodSDK/Pods-PodSDK.release.xcconfig"; sourceTree = "<group>"; };
/* End PBXFileReference section */

/* Begin PBXFrameworksBuildPhase section */
		1F39B54722E5A6B000BFACC6 /* Frameworks */ = {
			isa = PBXFrameworksBuildPhase;
			buildActionMask = 2147483647;
			files = (
				8F38210A4F3CA3C373F84A0B /* Pods_PodSDK.framework in Frameworks */,
			);
			runOnlyForDeploymentPostprocessing = 0;
		};
/* End PBXFrameworksBuildPhase section */

/* Begin PBXGroup section */
		1F39B54122E5A6B000BFACC6 = {
			isa = PBXGroup;
			children = (
				1F39B54C22E5A6B000BFACC6 /* PodSDK */,
				1F39B54B22E5A6B000BFACC6 /* Products */,
				D55785CC439BC34FA3D80264 /* Pods */,
				2C4C72460478E74DF376B78C /* Frameworks */,
			);
			sourceTree = "<group>";
		};
		1F39B54B22E5A6B000BFACC6 /* Products */ = {
			isa = PBXGroup;
			children = (
				1F39B54A22E5A6B000BFACC6 /* PodSDK.app */,
			);
			name = Products;
			sourceTree = "<group>";
		};
		1F39B54C22E5A6B000BFACC6 /* PodSDK */ = {
			isa = PBXGroup;
			children = (
				1F39B5A022E5E73000BFACC6 /* PodSDK.entitlements */,
				1F39B54D22E5A6B000BFACC6 /* AppDelegate.swift */,
				1F39B54F22E5A6B000BFACC6 /* ViewController.swift */,
				1F39B55122E5A6B000BFACC6 /* Main.storyboard */,
				1F39B55422E5A6B300BFACC6 /* Assets.xcassets */,
				1F39B55622E5A6B300BFACC6 /* LaunchScreen.storyboard */,
				1F39B55922E5A6B400BFACC6 /* Info.plist */,
			);
			path = PodSDK;
			sourceTree = "<group>";
		};
		2C4C72460478E74DF376B78C /* Frameworks */ = {
			isa = PBXGroup;
			children = (
				8694F5DD27BB330C4D7837DB /* Pods_PodSDK.framework */,
			);
			name = Frameworks;
			sourceTree = "<group>";
		};
		D55785CC439BC34FA3D80264 /* Pods */ = {
			isa = PBXGroup;
			children = (
				CFB6C7A7DB3B03938EA75258 /* Pods-PodSDK.debug.xcconfig */,
				F1DD1BC0B974011CBFB48CB4 /* Pods-PodSDK.release.xcconfig */,
			);
			name = Pods;
			sourceTree = "<group>";
		};
/* End PBXGroup section */

/* Begin PBXNativeTarget section */
		1F39B54922E5A6B000BFACC6 /* PodSDK */ = {
			isa = PBXNativeTarget;
			buildConfigurationList = 1F39B55C22E5A6B400BFACC6 /* Build configuration list for PBXNativeTarget "PodSDK" */;
			buildPhases = (
				B99D9D74AB6DF8952AF46BA1 /* [CP] Check Pods Manifest.lock */,
				1F39B54622E5A6B000BFACC6 /* Sources */,
				1F39B54722E5A6B000BFACC6 /* Frameworks */,
				1F39B54822E5A6B000BFACC6 /* Resources */,
				14D3F30292BD9943D2F592AE /* [CP] Embed Pods Frameworks */,
			);
			buildRules = (
			);
			dependencies = (
			);
			name = PodSDK;
			productName = PodSDK;
			productReference = 1F39B54A22E5A6B000BFACC6 /* PodSDK.app */;
			productType = "com.apple.product-type.application";
		};
/* End PBXNativeTarget section */

/* Begin PBXProject section */
		1F39B54222E5A6B000BFACC6 /* Project object */ = {
			isa = PBXProject;
			attributes = {
				LastSwiftUpdateCheck = 1020;
				LastUpgradeCheck = 1020;
				ORGANIZATIONNAME = EywaMedia;
				TargetAttributes = {
					1F39B54922E5A6B000BFACC6 = {
						CreatedOnToolsVersion = 10.2.1;
						SystemCapabilities = {
							com.apple.AccessWiFi = {
								enabled = 1;
							};
						};
					};
				};
			};
			buildConfigurationList = 1F39B54522E5A6B000BFACC6 /* Build configuration list for PBXProject "PodSDK" */;
			compatibilityVersion = "Xcode 9.3";
			developmentRegion = en;
			hasScannedForEncodings = 0;
			knownRegions = (
				en,
				Base,
			);
			mainGroup = 1F39B54122E5A6B000BFACC6;
			productRefGroup = 1F39B54B22E5A6B000BFACC6 /* Products */;
			projectDirPath = "";
			projectRoot = "";
			targets = (
				1F39B54922E5A6B000BFACC6 /* PodSDK */,
			);
		};
/* End PBXProject section */

/* Begin PBXResourcesBuildPhase section */
		1F39B54822E5A6B000BFACC6 /* Resources */ = {
			isa = PBXResourcesBuildPhase;
			buildActionMask = 2147483647;
			files = (
				1F39B55822E5A6B300BFACC6 /* LaunchScreen.storyboard in Resources */,
				1F39B55522E5A6B300BFACC6 /* Assets.xcassets in Resources */,
				1F39B55322E5A6B000BFACC6 /* Main.storyboard in Resources */,
			);
			runOnlyForDeploymentPostprocessing = 0;
		};
/* End PBXResourcesBuildPhase section */

/* Begin PBXShellScriptBuildPhase section */
		14D3F30292BD9943D2F592AE /* [CP] Embed Pods Frameworks */ = {
			isa = PBXShellScriptBuildPhase;
			buildActionMask = 2147483647;
			files = (
			);
			inputFileListPaths = (
				"${PODS_ROOT}/Target Support Files/Pods-PodSDK/Pods-PodSDK-frameworks-${CONFIGURATION}-input-files.xcfilelist",
			);
			name = "[CP] Embed Pods Frameworks";
			outputFileListPaths = (
				"${PODS_ROOT}/Target Support Files/Pods-PodSDK/Pods-PodSDK-frameworks-${CONFIGURATION}-output-files.xcfilelist",
			);
			runOnlyForDeploymentPostprocessing = 0;
			shellPath = /bin/sh;
			shellScript = "\"${PODS_ROOT}/Target Support Files/Pods-PodSDK/Pods-PodSDK-frameworks.sh\"\n";
			showEnvVarsInLog = 0;
		};
		B99D9D74AB6DF8952AF46BA1 /* [CP] Check Pods Manifest.lock */ = {
			isa = PBXShellScriptBuildPhase;
			buildActionMask = 2147483647;
			files = (
			);
			inputFileListPaths = (
			);
			inputPaths = (
				"${PODS_PODFILE_DIR_PATH}/Podfile.lock",
				"${PODS_ROOT}/Manifest.lock",
			);
			name = "[CP] Check Pods Manifest.lock";
			outputFileListPaths = (
			);
			outputPaths = (
				"$(DERIVED_FILE_DIR)/Pods-PodSDK-checkManifestLockResult.txt",
			);
			runOnlyForDeploymentPostprocessing = 0;
			shellPath = /bin/sh;
			shellScript = "diff \"${PODS_PODFILE_DIR_PATH}/Podfile.lock\" \"${PODS_ROOT}/Manifest.lock\" > /dev/null\nif [ $? != 0 ] ; then\n    # print error to STDERR\n    echo \"error: The sandbox is not in sync with the Podfile.lock. Run 'pod install' or update your CocoaPods installation.\" >&2\n    exit 1\nfi\n# This output is used by Xcode 'outputs' to avoid re-running this script phase.\necho \"SUCCESS\" > \"${SCRIPT_OUTPUT_FILE_0}\"\n";
			showEnvVarsInLog = 0;
		};
/* End PBXShellScriptBuildPhase section */

/* Begin PBXSourcesBuildPhase section */
		1F39B54622E5A6B000BFACC6 /* Sources */ = {
			isa = PBXSourcesBuildPhase;
			buildActionMask = 2147483647;
			files = (
				1F39B55022E5A6B000BFACC6 /* ViewController.swift in Sources */,
				1F39B54E22E5A6B000BFACC6 /* AppDelegate.swift in Sources */,
			);
			runOnlyForDeploymentPostprocessing = 0;
		};
/* End PBXSourcesBuildPhase section */

/* Begin PBXVariantGroup section */
		1F39B55122E5A6B000BFACC6 /* Main.storyboard */ = {
			isa = PBXVariantGroup;
			children = (
				1F39B55222E5A6B000BFACC6 /* Base */,
			);
			name = Main.storyboard;
			sourceTree = "<group>";
		};
		1F39B55622E5A6B300BFACC6 /* LaunchScreen.storyboard */ = {
			isa = PBXVariantGroup;
			children = (
				1F39B55722E5A6B300BFACC6 /* Base */,
			);
			name = LaunchScreen.storyboard;
			sourceTree = "<group>";
		};
/* End PBXVariantGroup section */

/* Begin XCBuildConfiguration section */
		1F39B55A22E5A6B400BFACC6 /* Debug */ = {
			isa = XCBuildConfiguration;
			buildSettings = {
				ALWAYS_SEARCH_USER_PATHS = NO;
				CLANG_ANALYZER_NONNULL = YES;
				CLANG_ANALYZER_NUMBER_OBJECT_CONVERSION = YES_AGGRESSIVE;
				CLANG_CXX_LANGUAGE_STANDARD = "gnu++14";
				CLANG_CXX_LIBRARY = "libc++";
				CLANG_ENABLE_MODULES = YES;
				CLANG_ENABLE_OBJC_ARC = YES;
				CLANG_ENABLE_OBJC_WEAK = YES;
				CLANG_WARN_BLOCK_CAPTURE_AUTORELEASING = YES;
				CLANG_WARN_BOOL_CONVERSION = YES;
				CLANG_WARN_COMMA = YES;
				CLANG_WARN_CONSTANT_CONVERSION = YES;
				CLANG_WARN_DEPRECATED_OBJC_IMPLEMENTATIONS = YES;
				CLANG_WARN_DIRECT_OBJC_ISA_USAGE = YES_ERROR;
				CLANG_WARN_DOCUMENTATION_COMMENTS = YES;
				CLANG_WARN_EMPTY_BODY = YES;
				CLANG_WARN_ENUM_CONVERSION = YES;
				CLANG_WARN_INFINITE_RECURSION = YES;
				CLANG_WARN_INT_CONVERSION = YES;
				CLANG_WARN_NON_LITERAL_NULL_CONVERSION = YES;
				CLANG_WARN_OBJC_IMPLICIT_RETAIN_SELF = YES;
				CLANG_WARN_OBJC_LITERAL_CONVERSION = YES;
				CLANG_WARN_OBJC_ROOT_CLASS = YES_ERROR;
				CLANG_WARN_RANGE_LOOP_ANALYSIS = YES;
				CLANG_WARN_STRICT_PROTOTYPES = YES;
				CLANG_WARN_SUSPICIOUS_MOVE = YES;
				CLANG_WARN_UNGUARDED_AVAILABILITY = YES_AGGRESSIVE;
				CLANG_WARN_UNREACHABLE_CODE = YES;
				CLANG_WARN__DUPLICATE_METHOD_MATCH = YES;
				CODE_SIGN_IDENTITY = "iPhone Developer";
				COPY_PHASE_STRIP = NO;
				DEBUG_INFORMATION_FORMAT = dwarf;
				ENABLE_STRICT_OBJC_MSGSEND = YES;
				ENABLE_TESTABILITY = YES;
				GCC_C_LANGUAGE_STANDARD = gnu11;
				GCC_DYNAMIC_NO_PIC = NO;
				GCC_NO_COMMON_BLOCKS = YES;
				GCC_OPTIMIZATION_LEVEL = 0;
				GCC_PREPROCESSOR_DEFINITIONS = (
					"DEBUG=1",
					"$(inherited)",
				);
				GCC_WARN_64_TO_32_BIT_CONVERSION = YES;
				GCC_WARN_ABOUT_RETURN_TYPE = YES_ERROR;
				GCC_WARN_UNDECLARED_SELECTOR = YES;
				GCC_WARN_UNINITIALIZED_AUTOS = YES_AGGRESSIVE;
				GCC_WARN_UNUSED_FUNCTION = YES;
				GCC_WARN_UNUSED_VARIABLE = YES;
				IPHONEOS_DEPLOYMENT_TARGET = 12.2;
				MTL_ENABLE_DEBUG_INFO = INCLUDE_SOURCE;
				MTL_FAST_MATH = YES;
				ONLY_ACTIVE_ARCH = YES;
				SDKROOT = iphoneos;
				SWIFT_ACTIVE_COMPILATION_CONDITIONS = DEBUG;
				SWIFT_OPTIMIZATION_LEVEL = "-Onone";
			};
			name = Debug;
		};
		1F39B55B22E5A6B400BFACC6 /* Release */ = {
			isa = XCBuildConfiguration;
			buildSettings = {
				ALWAYS_SEARCH_USER_PATHS = NO;
				CLANG_ANALYZER_NONNULL = YES;
				CLANG_ANALYZER_NUMBER_OBJECT_CONVERSION = YES_AGGRESSIVE;
				CLANG_CXX_LANGUAGE_STANDARD = "gnu++14";
				CLANG_CXX_LIBRARY = "libc++";
				CLANG_ENABLE_MODULES = YES;
				CLANG_ENABLE_OBJC_ARC = YES;
				CLANG_ENABLE_OBJC_WEAK = YES;
				CLANG_WARN_BLOCK_CAPTURE_AUTORELEASING = YES;
				CLANG_WARN_BOOL_CONVERSION = YES;
				CLANG_WARN_COMMA = YES;
				CLANG_WARN_CONSTANT_CONVERSION = YES;
				CLANG_WARN_DEPRECATED_OBJC_IMPLEMENTATIONS = YES;
				CLANG_WARN_DIRECT_OBJC_ISA_USAGE = YES_ERROR;
				CLANG_WARN_DOCUMENTATION_COMMENTS = YES;
				CLANG_WARN_EMPTY_BODY = YES;
				CLANG_WARN_ENUM_CONVERSION = YES;
				CLANG_WARN_INFINITE_RECURSION = YES;
				CLANG_WARN_INT_CONVERSION = YES;
				CLANG_WARN_NON_LITERAL_NULL_CONVERSION = YES;
				CLANG_WARN_OBJC_IMPLICIT_RETAIN_SELF = YES;
				CLANG_WARN_OBJC_LITERAL_CONVERSION = YES;
				CLANG_WARN_OBJC_ROOT_CLASS = YES_ERROR;
				CLANG_WARN_RANGE_LOOP_ANALYSIS = YES;
				CLANG_WARN_STRICT_PROTOTYPES = YES;
				CLANG_WARN_SUSPICIOUS_MOVE = YES;
				CLANG_WARN_UNGUARDED_AVAILABILITY = YES_AGGRESSIVE;
				CLANG_WARN_UNREACHABLE_CODE = YES;
				CLANG_WARN__DUPLICATE_METHOD_MATCH = YES;
				CODE_SIGN_IDENTITY = "iPhone Developer";
				COPY_PHASE_STRIP = NO;
				DEBUG_INFORMATION_FORMAT = "dwarf-with-dsym";
				ENABLE_NS_ASSERTIONS = NO;
				ENABLE_STRICT_OBJC_MSGSEND = YES;
				GCC_C_LANGUAGE_STANDARD = gnu11;
				GCC_NO_COMMON_BLOCKS = YES;
				GCC_WARN_64_TO_32_BIT_CONVERSION = YES;
				GCC_WARN_ABOUT_RETURN_TYPE = YES_ERROR;
				GCC_WARN_UNDECLARED_SELECTOR = YES;
				GCC_WARN_UNINITIALIZED_AUTOS = YES_AGGRESSIVE;
				GCC_WARN_UNUSED_FUNCTION = YES;
				GCC_WARN_UNUSED_VARIABLE = YES;
				IPHONEOS_DEPLOYMENT_TARGET = 12.2;
				MTL_ENABLE_DEBUG_INFO = NO;
				MTL_FAST_MATH = YES;
				SDKROOT = iphoneos;
				SWIFT_COMPILATION_MODE = wholemodule;
				SWIFT_OPTIMIZATION_LEVEL = "-O";
				VALIDATE_PRODUCT = YES;
			};
			name = Release;
		};
		1F39B55D22E5A6B400BFACC6 /* Debug */ = {
			isa = XCBuildConfiguration;
			baseConfigurationReference = CFB6C7A7DB3B03938EA75258 /* Pods-PodSDK.debug.xcconfig */;
			buildSettings = {
				ASSETCATALOG_COMPILER_APPICON_NAME = AppIcon;
				CODE_SIGN_ENTITLEMENTS = PodSDK/PodSDK.entitlements;
				CODE_SIGN_STYLE = Automatic;
				DEVELOPMENT_TEAM = Y86LNVC74Q;
				INFOPLIST_FILE = PodSDK/Info.plist;
				LD_RUNPATH_SEARCH_PATHS = (
					"$(inherited)",
					"@executable_path/Frameworks",
				);
				PRODUCT_BUNDLE_IDENTIFIER = com.eywamedia.PodSDK;
				PRODUCT_NAME = "$(TARGET_NAME)";
				SWIFT_VERSION = 5.0;
				TARGETED_DEVICE_FAMILY = "1,2";
			};
			name = Debug;
		};
		1F39B55E22E5A6B400BFACC6 /* Release */ = {
			isa = XCBuildConfiguration;
			baseConfigurationReference = F1DD1BC0B974011CBFB48CB4 /* Pods-PodSDK.release.xcconfig */;
			buildSettings = {
				ASSETCATALOG_COMPILER_APPICON_NAME = AppIcon;
				CODE_SIGN_ENTITLEMENTS = PodSDK/PodSDK.entitlements;
				CODE_SIGN_STYLE = Automatic;
				DEVELOPMENT_TEAM = Y86LNVC74Q;
				INFOPLIST_FILE = PodSDK/Info.plist;
				LD_RUNPATH_SEARCH_PATHS = (
					"$(inherited)",
					"@executable_path/Frameworks",
				);
				PRODUCT_BUNDLE_IDENTIFIER = com.eywamedia.PodSDK;
				PRODUCT_NAME = "$(TARGET_NAME)";
				SWIFT_VERSION = 5.0;
				TARGETED_DEVICE_FAMILY = "1,2";
			};
			name = Release;
		};
/* End XCBuildConfiguration section */

/* Begin XCConfigurationList section */
		1F39B54522E5A6B000BFACC6 /* Build configuration list for PBXProject "PodSDK" */ = {
			isa = XCConfigurationList;
			buildConfigurations = (
				1F39B55A22E5A6B400BFACC6 /* Debug */,
				1F39B55B22E5A6B400BFACC6 /* Release */,
			);
			defaultConfigurationIsVisible = 0;
			defaultConfigurationName = Release;
		};
		1F39B55C22E5A6B400BFACC6 /* Build configuration list for PBXNativeTarget "PodSDK" */ = {
			isa = XCConfigurationList;
			buildConfigurations = (
				1F39B55D22E5A6B400BFACC6 /* Debug */,
				1F39B55E22E5A6B400BFACC6 /* Release */,
			);
			defaultConfigurationIsVisible = 0;
			defaultConfigurationName = Release;
		};
/* End XCConfigurationList section */
	};
	rootObject = 1F39B54222E5A6B000BFACC6 /* Project object */;
}
